// !$*UTF8*$!
{
	archiveVersion = 1;
	classes = {
	};
	objectVersion = 50;
	objects = {

/* Begin PBXBuildFile section */
		CEB5AE3926C2BDCB00623EF7 /* AppDelegate.swift in Sources */ = {isa = PBXBuildFile; fileRef = CEB5AE3826C2BDCB00623EF7 /* AppDelegate.swift */; };
		CEB5AE3B26C2BDCB00623EF7 /* SceneDelegate.swift in Sources */ = {isa = PBXBuildFile; fileRef = CEB5AE3A26C2BDCB00623EF7 /* SceneDelegate.swift */; };
		CEB5AE3D26C2BDCB00623EF7 /* ViewController.swift in Sources */ = {isa = PBXBuildFile; fileRef = CEB5AE3C26C2BDCB00623EF7 /* ViewController.swift */; };
		CEB5AE4026C2BDCB00623EF7 /* Main.storyboard in Resources */ = {isa = PBXBuildFile; fileRef = CEB5AE3E26C2BDCB00623EF7 /* Main.storyboard */; };
		CEB5AE4226C2BDCE00623EF7 /* Assets.xcassets in Resources */ = {isa = PBXBuildFile; fileRef = CEB5AE4126C2BDCE00623EF7 /* Assets.xcassets */; };
		CEB5AE4526C2BDCE00623EF7 /* LaunchScreen.storyboard in Resources */ = {isa = PBXBuildFile; fileRef = CEB5AE4326C2BDCE00623EF7 /* LaunchScreen.storyboard */; };
		CEB5AE4E26C2BF7900623EF7 /* DetailTableViewController.swift in Sources */ = {isa = PBXBuildFile; fileRef = CEB5AE4D26C2BF7900623EF7 /* DetailTableViewController.swift */; };
		CEB5AE9526C2CB0D00623EF7 /* nssl0spain@3x.png in Resources */ = {isa = PBXBuildFile; fileRef = CEB5AE8926C2CB0D00623EF7 /* nssl0spain@3x.png */; };
		CEB5AE9626C2CB0D00623EF7 /* nssl0us@3x.png in Resources */ = {isa = PBXBuildFile; fileRef = CEB5AE8A26C2CB0D00623EF7 /* nssl0us@3x.png */; };
		CEB5AE9726C2CB0D00623EF7 /* nssl0ireland@3x.png in Resources */ = {isa = PBXBuildFile; fileRef = CEB5AE8B26C2CB0D00623EF7 /* nssl0ireland@3x.png */; };
		CEB5AE9826C2CB0D00623EF7 /* nssl0uk@3x.png in Resources */ = {isa = PBXBuildFile; fileRef = CEB5AE8C26C2CB0D00623EF7 /* nssl0uk@3x.png */; };
		CEB5AE9926C2CB0D00623EF7 /* nssl0poland@3x.png in Resources */ = {isa = PBXBuildFile; fileRef = CEB5AE8D26C2CB0D00623EF7 /* nssl0poland@3x.png */; };
		CEB5AE9A26C2CB0D00623EF7 /* nssl0germany@3x.png in Resources */ = {isa = PBXBuildFile; fileRef = CEB5AE8E26C2CB0D00623EF7 /* nssl0germany@3x.png */; };
		CEB5AE9B26C2CB0D00623EF7 /* nssl0russia@3x.png in Resources */ = {isa = PBXBuildFile; fileRef = CEB5AE8F26C2CB0D00623EF7 /* nssl0russia@3x.png */; };
		CEB5AE9C26C2CB0D00623EF7 /* nssl0nigeria@3x.png in Resources */ = {isa = PBXBuildFile; fileRef = CEB5AE9026C2CB0D00623EF7 /* nssl0nigeria@3x.png */; };
		CEB5AE9D26C2CB0D00623EF7 /* nssl0france@3x.png in Resources */ = {isa = PBXBuildFile; fileRef = CEB5AE9126C2CB0D00623EF7 /* nssl0france@3x.png */; };
		CEB5AE9E26C2CB0D00623EF7 /* nssl0monaco@3x.png in Resources */ = {isa = PBXBuildFile; fileRef = CEB5AE9226C2CB0D00623EF7 /* nssl0monaco@3x.png */; };
		CEB5AE9F26C2CB0D00623EF7 /* nssl0italy@3x.png in Resources */ = {isa = PBXBuildFile; fileRef = CEB5AE9326C2CB0D00623EF7 /* nssl0italy@3x.png */; };
		CEB5AEA026C2CB0D00623EF7 /* nssl0estonia@3x.png in Resources */ = {isa = PBXBuildFile; fileRef = CEB5AE9426C2CB0D00623EF7 /* nssl0estonia@3x.png */; };
/* End PBXBuildFile section */

/* Begin PBXFileReference section */
		CEB5AE3526C2BDCB00623EF7 /* Projeto 4.app */ = {isa = PBXFileReference; explicitFileType = wrapper.application; includeInIndex = 0; path = "Projeto 4.app"; sourceTree = BUILT_PRODUCTS_DIR; };
		CEB5AE3826C2BDCB00623EF7 /* AppDelegate.swift */ = {isa = PBXFileReference; lastKnownFileType = sourcecode.swift; path = AppDelegate.swift; sourceTree = "<group>"; };
		CEB5AE3A26C2BDCB00623EF7 /* SceneDelegate.swift */ = {isa = PBXFileReference; lastKnownFileType = sourcecode.swift; path = SceneDelegate.swift; sourceTree = "<group>"; };
		CEB5AE3C26C2BDCB00623EF7 /* ViewController.swift */ = {isa = PBXFileReference; lastKnownFileType = sourcecode.swift; path = ViewController.swift; sourceTree = "<group>"; };
		CEB5AE3F26C2BDCB00623EF7 /* Base */ = {isa = PBXFileReference; lastKnownFileType = file.storyboard; name = Base; path = Base.lproj/Main.storyboard; sourceTree = "<group>"; };
		CEB5AE4126C2BDCE00623EF7 /* Assets.xcassets */ = {isa = PBXFileReference; lastKnownFileType = folder.assetcatalog; path = Assets.xcassets; sourceTree = "<group>"; };
		CEB5AE4426C2BDCE00623EF7 /* Base */ = {isa = PBXFileReference; lastKnownFileType = file.storyboard; name = Base; path = Base.lproj/LaunchScreen.storyboard; sourceTree = "<group>"; };
		CEB5AE4626C2BDCE00623EF7 /* Info.plist */ = {isa = PBXFileReference; lastKnownFileType = text.plist.xml; path = Info.plist; sourceTree = "<group>"; };
		CEB5AE4D26C2BF7900623EF7 /* DetailTableViewController.swift */ = {isa = PBXFileReference; lastKnownFileType = sourcecode.swift; path = DetailTableViewController.swift; sourceTree = "<group>"; };
		CEB5AE8926C2CB0D00623EF7 /* nssl0spain@3x.png */ = {isa = PBXFileReference; lastKnownFileType = image.png; path = "nssl0spain@3x.png"; sourceTree = "<group>"; };
		CEB5AE8A26C2CB0D00623EF7 /* nssl0us@3x.png */ = {isa = PBXFileReference; lastKnownFileType = image.png; path = "nssl0us@3x.png"; sourceTree = "<group>"; };
		CEB5AE8B26C2CB0D00623EF7 /* nssl0ireland@3x.png */ = {isa = PBXFileReference; lastKnownFileType = image.png; path = "nssl0ireland@3x.png"; sourceTree = "<group>"; };
		CEB5AE8C26C2CB0D00623EF7 /* nssl0uk@3x.png */ = {isa = PBXFileReference; lastKnownFileType = image.png; path = "nssl0uk@3x.png"; sourceTree = "<group>"; };
		CEB5AE8D26C2CB0D00623EF7 /* nssl0poland@3x.png */ = {isa = PBXFileReference; lastKnownFileType = image.png; path = "nssl0poland@3x.png"; sourceTree = "<group>"; };
		CEB5AE8E26C2CB0D00623EF7 /* nssl0germany@3x.png */ = {isa = PBXFileReference; lastKnownFileType = image.png; path = "nssl0germany@3x.png"; sourceTree = "<group>"; };
		CEB5AE8F26C2CB0D00623EF7 /* nssl0russia@3x.png */ = {isa = PBXFileReference; lastKnownFileType = image.png; path = "nssl0russia@3x.png"; sourceTree = "<group>"; };
		CEB5AE9026C2CB0D00623EF7 /* nssl0nigeria@3x.png */ = {isa = PBXFileReference; lastKnownFileType = image.png; path = "nssl0nigeria@3x.png"; sourceTree = "<group>"; };
		CEB5AE9126C2CB0D00623EF7 /* nssl0france@3x.png */ = {isa = PBXFileReference; lastKnownFileType = image.png; path = "nssl0france@3x.png"; sourceTree = "<group>"; };
		CEB5AE9226C2CB0D00623EF7 /* nssl0monaco@3x.png */ = {isa = PBXFileReference; lastKnownFileType = image.png; path = "nssl0monaco@3x.png"; sourceTree = "<group>"; };
		CEB5AE9326C2CB0D00623EF7 /* nssl0italy@3x.png */ = {isa = PBXFileReference; lastKnownFileType = image.png; path = "nssl0italy@3x.png"; sourceTree = "<group>"; };
		CEB5AE9426C2CB0D00623EF7 /* nssl0estonia@3x.png */ = {isa = PBXFileReference; lastKnownFileType = image.png; path = "nssl0estonia@3x.png"; sourceTree = "<group>"; };
/* End PBXFileReference section */

/* Begin PBXFrameworksBuildPhase section */
		CEB5AE3226C2BDCB00623EF7 /* Frameworks */ = {
			isa = PBXFrameworksBuildPhase;
			buildActionMask = 2147483647;
			files = (
			);
			runOnlyForDeploymentPostprocessing = 0;
		};
/* End PBXFrameworksBuildPhase section */

/* Begin PBXGroup section */
		CEB5AE2C26C2BDCB00623EF7 = {
			isa = PBXGroup;
			children = (
				CEB5AE3726C2BDCB00623EF7 /* Projeto 4 */,
				CEB5AE3626C2BDCB00623EF7 /* Products */,
			);
			sourceTree = "<group>";
		};
		CEB5AE3626C2BDCB00623EF7 /* Products */ = {
			isa = PBXGroup;
			children = (
				CEB5AE3526C2BDCB00623EF7 /* Projeto 4.app */,
			);
			name = Products;
			sourceTree = "<group>";
		};
		CEB5AE3726C2BDCB00623EF7 /* Projeto 4 */ = {
			isa = PBXGroup;
			children = (
				CEB5AE3826C2BDCB00623EF7 /* AppDelegate.swift */,
				CEB5AE3A26C2BDCB00623EF7 /* SceneDelegate.swift */,
				CEB5AE3C26C2BDCB00623EF7 /* ViewController.swift */,
				CEB5AE4D26C2BF7900623EF7 /* DetailTableViewController.swift */,
				CEB5AE3E26C2BDCB00623EF7 /* Main.storyboard */,
				CEB5AE4126C2BDCE00623EF7 /* Assets.xcassets */,
				CEB5AE4326C2BDCE00623EF7 /* LaunchScreen.storyboard */,
				CEB5AE4626C2BDCE00623EF7 /* Info.plist */,
				CEB5AE8826C2CB0D00623EF7 /* Content */,
			);
			path = "Projeto 4";
			sourceTree = "<group>";
		};
		CEB5AE8826C2CB0D00623EF7 /* Content */ = {
			isa = PBXGroup;
			children = (
				CEB5AE8926C2CB0D00623EF7 /* nssl0spain@3x.png */,
				CEB5AE8A26C2CB0D00623EF7 /* nssl0us@3x.png */,
				CEB5AE8B26C2CB0D00623EF7 /* nssl0ireland@3x.png */,
				CEB5AE8C26C2CB0D00623EF7 /* nssl0uk@3x.png */,
				CEB5AE8D26C2CB0D00623EF7 /* nssl0poland@3x.png */,
				CEB5AE8E26C2CB0D00623EF7 /* nssl0germany@3x.png */,
				CEB5AE8F26C2CB0D00623EF7 /* nssl0russia@3x.png */,
				CEB5AE9026C2CB0D00623EF7 /* nssl0nigeria@3x.png */,
				CEB5AE9126C2CB0D00623EF7 /* nssl0france@3x.png */,
				CEB5AE9226C2CB0D00623EF7 /* nssl0monaco@3x.png */,
				CEB5AE9326C2CB0D00623EF7 /* nssl0italy@3x.png */,
				CEB5AE9426C2CB0D00623EF7 /* nssl0estonia@3x.png */,
			);
			path = Content;
			sourceTree = "<group>";
		};
/* End PBXGroup section */

/* Begin PBXNativeTarget section */
		CEB5AE3426C2BDCB00623EF7 /* Projeto 4 */ = {
			isa = PBXNativeTarget;
			buildConfigurationList = CEB5AE4926C2BDCE00623EF7 /* Build configuration list for PBXNativeTarget "Projeto 4" */;
			buildPhases = (
				CEB5AE3126C2BDCB00623EF7 /* Sources */,
				CEB5AE3226C2BDCB00623EF7 /* Frameworks */,
				CEB5AE3326C2BDCB00623EF7 /* Resources */,
			);
			buildRules = (
			);
			dependencies = (
			);
			name = "Projeto 4";
			productName = "Projeto 4";
			productReference = CEB5AE3526C2BDCB00623EF7 /* Projeto 4.app */;
			productType = "com.apple.product-type.application";
		};
/* End PBXNativeTarget section */

/* Begin PBXProject section */
		CEB5AE2D26C2BDCB00623EF7 /* Project object */ = {
			isa = PBXProject;
			attributes = {
				LastSwiftUpdateCheck = 1210;
				LastUpgradeCheck = 1210;
				TargetAttributes = {
					CEB5AE3426C2BDCB00623EF7 = {
						CreatedOnToolsVersion = 12.1;
					};
				};
			};
			buildConfigurationList = CEB5AE3026C2BDCB00623EF7 /* Build configuration list for PBXProject "Projeto 4" */;
			compatibilityVersion = "Xcode 9.3";
			developmentRegion = en;
			hasScannedForEncodings = 0;
			knownRegions = (
				en,
				Base,
			);
			mainGroup = CEB5AE2C26C2BDCB00623EF7;
			productRefGroup = CEB5AE3626C2BDCB00623EF7 /* Products */;
			projectDirPath = "";
			projectRoot = "";
			targets = (
				CEB5AE3426C2BDCB00623EF7 /* Projeto 4 */,
			);
		};
/* End PBXProject section */

/* Begin PBXResourcesBuildPhase section */
		CEB5AE3326C2BDCB00623EF7 /* Resources */ = {
			isa = PBXResourcesBuildPhase;
			buildActionMask = 2147483647;
			files = (
				CEB5AE9A26C2CB0D00623EF7 /* nssl0germany@3x.png in Resources */,
				CEB5AE4526C2BDCE00623EF7 /* LaunchScreen.storyboard in Resources */,
				CEB5AEA026C2CB0D00623EF7 /* nssl0estonia@3x.png in Resources */,
				CEB5AE4226C2BDCE00623EF7 /* Assets.xcassets in Resources */,
				CEB5AE9B26C2CB0D00623EF7 /* nssl0russia@3x.png in Resources */,
				CEB5AE9826C2CB0D00623EF7 /* nssl0uk@3x.png in Resources */,
				CEB5AE9E26C2CB0D00623EF7 /* nssl0monaco@3x.png in Resources */,
				CEB5AE9C26C2CB0D00623EF7 /* nssl0nigeria@3x.png in Resources */,
				CEB5AE9626C2CB0D00623EF7 /* nssl0us@3x.png in Resources */,
				CEB5AE9F26C2CB0D00623EF7 /* nssl0italy@3x.png in Resources */,
				CEB5AE9526C2CB0D00623EF7 /* nssl0spain@3x.png in Resources */,
				CEB5AE9726C2CB0D00623EF7 /* nssl0ireland@3x.png in Resources */,
				CEB5AE9926C2CB0D00623EF7 /* nssl0poland@3x.png in Resources */,
				CEB5AE4026C2BDCB00623EF7 /* Main.storyboard in Resources */,
				CEB5AE9D26C2CB0D00623EF7 /* nssl0france@3x.png in Resources */,
			);
			runOnlyForDeploymentPostprocessing = 0;
		};
/* End PBXResourcesBuildPhase section */

/* Begin PBXSourcesBuildPhase section */
		CEB5AE3126C2BDCB00623EF7 /* Sources */ = {
			isa = PBXSourcesBuildPhase;
			buildActionMask = 2147483647;
			files = (
				CEB5AE4E26C2BF7900623EF7 /* DetailTableViewController.swift in Sources */,
				CEB5AE3D26C2BDCB00623EF7 /* ViewController.swift in Sources */,
				CEB5AE3926C2BDCB00623EF7 /* AppDelegate.swift in Sources */,
				CEB5AE3B26C2BDCB00623EF7 /* SceneDelegate.swift in Sources */,
			);
			runOnlyForDeploymentPostprocessing = 0;
		};
/* End PBXSourcesBuildPhase section */

/* Begin PBXVariantGroup section */
		CEB5AE3E26C2BDCB00623EF7 /* Main.storyboard */ = {
			isa = PBXVariantGroup;
			children = (
				CEB5AE3F26C2BDCB00623EF7 /* Base */,
			);
			name = Main.storyboard;
			sourceTree = "<group>";
		};
		CEB5AE4326C2BDCE00623EF7 /* LaunchScreen.storyboard */ = {
			isa = PBXVariantGroup;
			children = (
				CEB5AE4426C2BDCE00623EF7 /* Base */,
			);
			name = LaunchScreen.storyboard;
			sourceTree = "<group>";
		};
/* End PBXVariantGroup section */

/* Begin XCBuildConfiguration section */
		CEB5AE4726C2BDCE00623EF7 /* Debug */ = {
			isa = XCBuildConfiguration;
			buildSettings = {
				ALWAYS_SEARCH_USER_PATHS = NO;
				CLANG_ANALYZER_NONNULL = YES;
				CLANG_ANALYZER_NUMBER_OBJECT_CONVERSION = YES_AGGRESSIVE;
				CLANG_CXX_LANGUAGE_STANDARD = "gnu++14";
				CLANG_CXX_LIBRARY = "libc++";
				CLANG_ENABLE_MODULES = YES;
				CLANG_ENABLE_OBJC_ARC = YES;
				CLANG_ENABLE_OBJC_WEAK = YES;
				CLANG_WARN_BLOCK_CAPTURE_AUTORELEASING = YES;
				CLANG_WARN_BOOL_CONVERSION = YES;
				CLANG_WARN_COMMA = YES;
				CLANG_WARN_CONSTANT_CONVERSION = YES;
				CLANG_WARN_DEPRECATED_OBJC_IMPLEMENTATIONS = YES;
				CLANG_WARN_DIRECT_OBJC_ISA_USAGE = YES_ERROR;
				CLANG_WARN_DOCUMENTATION_COMMENTS = YES;
				CLANG_WARN_EMPTY_BODY = YES;
				CLANG_WARN_ENUM_CONVERSION = YES;
				CLANG_WARN_INFINITE_RECURSION = YES;
				CLANG_WARN_INT_CONVERSION = YES;
				CLANG_WARN_NON_LITERAL_NULL_CONVERSION = YES;
				CLANG_WARN_OBJC_IMPLICIT_RETAIN_SELF = YES;
				CLANG_WARN_OBJC_LITERAL_CONVERSION = YES;
				CLANG_WARN_OBJC_ROOT_CLASS = YES_ERROR;
				CLANG_WARN_QUOTED_INCLUDE_IN_FRAMEWORK_HEADER = YES;
				CLANG_WARN_RANGE_LOOP_ANALYSIS = YES;
				CLANG_WARN_STRICT_PROTOTYPES = YES;
				CLANG_WARN_SUSPICIOUS_MOVE = YES;
				CLANG_WARN_UNGUARDED_AVAILABILITY = YES_AGGRESSIVE;
				CLANG_WARN_UNREACHABLE_CODE = YES;
				CLANG_WARN__DUPLICATE_METHOD_MATCH = YES;
				COPY_PHASE_STRIP = NO;
				DEBUG_INFORMATION_FORMAT = dwarf;
				ENABLE_STRICT_OBJC_MSGSEND = YES;
				ENABLE_TESTABILITY = YES;
				GCC_C_LANGUAGE_STANDARD = gnu11;
				GCC_DYNAMIC_NO_PIC = NO;
				GCC_NO_COMMON_BLOCKS = YES;
				GCC_OPTIMIZATION_LEVEL = 0;
				GCC_PREPROCESSOR_DEFINITIONS = (
					"DEBUG=1",
					"$(inherited)",
				);
				GCC_WARN_64_TO_32_BIT_CONVERSION = YES;
				GCC_WARN_ABOUT_RETURN_TYPE = YES_ERROR;
				GCC_WARN_UNDECLARED_SELECTOR = YES;
				GCC_WARN_UNINITIALIZED_AUTOS = YES_AGGRESSIVE;
				GCC_WARN_UNUSED_FUNCTION = YES;
				GCC_WARN_UNUSED_VARIABLE = YES;
				IPHONEOS_DEPLOYMENT_TARGET = 14.1;
				MTL_ENABLE_DEBUG_INFO = INCLUDE_SOURCE;
				MTL_FAST_MATH = YES;
				ONLY_ACTIVE_ARCH = YES;
				SDKROOT = iphoneos;
				SWIFT_ACTIVE_COMPILATION_CONDITIONS = DEBUG;
				SWIFT_OPTIMIZATION_LEVEL = "-Onone";
			};
			name = Debug;
		};
		CEB5AE4826C2BDCE00623EF7 /* Release */ = {
			isa = XCBuildConfiguration;
			buildSettings = {
				ALWAYS_SEARCH_USER_PATHS = NO;
				CLANG_ANALYZER_NONNULL = YES;
				CLANG_ANALYZER_NUMBER_OBJECT_CONVERSION = YES_AGGRESSIVE;
				CLANG_CXX_LANGUAGE_STANDARD = "gnu++14";
				CLANG_CXX_LIBRARY = "libc++";
				CLANG_ENABLE_MODULES = YES;
				CLANG_ENABLE_OBJC_ARC = YES;
				CLANG_ENABLE_OBJC_WEAK = YES;
				CLANG_WARN_BLOCK_CAPTURE_AUTORELEASING = YES;
				CLANG_WARN_BOOL_CONVERSION = YES;
				CLANG_WARN_COMMA = YES;
				CLANG_WARN_CONSTANT_CONVERSION = YES;
				CLANG_WARN_DEPRECATED_OBJC_IMPLEMENTATIONS = YES;
				CLANG_WARN_DIRECT_OBJC_ISA_USAGE = YES_ERROR;
				CLANG_WARN_DOCUMENTATION_COMMENTS = YES;
				CLANG_WARN_EMPTY_BODY = YES;
				CLANG_WARN_ENUM_CONVERSION = YES;
				CLANG_WARN_INFINITE_RECURSION = YES;
				CLANG_WARN_INT_CONVERSION = YES;
				CLANG_WARN_NON_LITERAL_NULL_CONVERSION = YES;
				CLANG_WARN_OBJC_IMPLICIT_RETAIN_SELF = YES;
				CLANG_WARN_OBJC_LITERAL_CONVERSION = YES;
				CLANG_WARN_OBJC_ROOT_CLASS = YES_ERROR;
				CLANG_WARN_QUOTED_INCLUDE_IN_FRAMEWORK_HEADER = YES;
				CLANG_WARN_RANGE_LOOP_ANALYSIS = YES;
				CLANG_WARN_STRICT_PROTOTYPES = YES;
				CLANG_WARN_SUSPICIOUS_MOVE = YES;
				CLANG_WARN_UNGUARDED_AVAILABILITY = YES_AGGRESSIVE;
				CLANG_WARN_UNREACHABLE_CODE = YES;
				CLANG_WARN__DUPLICATE_METHOD_MATCH = YES;
				COPY_PHASE_STRIP = NO;
				DEBUG_INFORMATION_FORMAT = "dwarf-with-dsym";
				ENABLE_NS_ASSERTIONS = NO;
				ENABLE_STRICT_OBJC_MSGSEND = YES;
				GCC_C_LANGUAGE_STANDARD = gnu11;
				GCC_NO_COMMON_BLOCKS = YES;
				GCC_WARN_64_TO_32_BIT_CONVERSION = YES;
				GCC_WARN_ABOUT_RETURN_TYPE = YES_ERROR;
				GCC_WARN_UNDECLARED_SELECTOR = YES;
				GCC_WARN_UNINITIALIZED_AUTOS = YES_AGGRESSIVE;
				GCC_WARN_UNUSED_FUNCTION = YES;
				GCC_WARN_UNUSED_VARIABLE = YES;
				IPHONEOS_DEPLOYMENT_TARGET = 14.1;
				MTL_ENABLE_DEBUG_INFO = NO;
				MTL_FAST_MATH = YES;
				SDKROOT = iphoneos;
				SWIFT_COMPILATION_MODE = wholemodule;
				SWIFT_OPTIMIZATION_LEVEL = "-O";
				VALIDATE_PRODUCT = YES;
			};
			name = Release;
		};
		CEB5AE4A26C2BDCE00623EF7 /* Debug */ = {
			isa = XCBuildConfiguration;
			buildSettings = {
				ASSETCATALOG_COMPILER_APPICON_NAME = AppIcon;
				ASSETCATALOG_COMPILER_GLOBAL_ACCENT_COLOR_NAME = AccentColor;
				CODE_SIGN_STYLE = Automatic;
				DEVELOPMENT_TEAM = KV286R98C6;
				INFOPLIST_FILE = "Projeto 4/Info.plist";
				LD_RUNPATH_SEARCH_PATHS = (
					"$(inherited)",
					"@executable_path/Frameworks",
				);
				PRODUCT_BUNDLE_IDENTIFIER = "br.com.yasmin.Projeto-4";
				PRODUCT_NAME = "$(TARGET_NAME)";
				SWIFT_VERSION = 5.0;
				TARGETED_DEVICE_FAMILY = "1,2";
			};
			name = Debug;
		};
		CEB5AE4B26C2BDCE00623EF7 /* Release */ = {
			isa = XCBuildConfiguration;
			buildSettings = {
				ASSETCATALOG_COMPILER_APPICON_NAME = AppIcon;
				ASSETCATALOG_COMPILER_GLOBAL_ACCENT_COLOR_NAME = AccentColor;
				CODE_SIGN_STYLE = Automatic;
				DEVELOPMENT_TEAM = KV286R98C6;
				INFOPLIST_FILE = "Projeto 4/Info.plist";
				LD_RUNPATH_SEARCH_PATHS = (
					"$(inherited)",
					"@executable_path/Frameworks",
				);
				PRODUCT_BUNDLE_IDENTIFIER = "br.com.yasmin.Projeto-4";
				PRODUCT_NAME = "$(TARGET_NAME)";
				SWIFT_VERSION = 5.0;
				TARGETED_DEVICE_FAMILY = "1,2";
			};
			name = Release;
		};
/* End XCBuildConfiguration section */

/* Begin XCConfigurationList section */
		CEB5AE3026C2BDCB00623EF7 /* Build configuration list for PBXProject "Projeto 4" */ = {
			isa = XCConfigurationList;
			buildConfigurations = (
				CEB5AE4726C2BDCE00623EF7 /* Debug */,
				CEB5AE4826C2BDCE00623EF7 /* Release */,
			);
			defaultConfigurationIsVisible = 0;
			defaultConfigurationName = Release;
		};
		CEB5AE4926C2BDCE00623EF7 /* Build configuration list for PBXNativeTarget "Projeto 4" */ = {
			isa = XCConfigurationList;
			buildConfigurations = (
				CEB5AE4A26C2BDCE00623EF7 /* Debug */,
				CEB5AE4B26C2BDCE00623EF7 /* Release */,
			);
			defaultConfigurationIsVisible = 0;
			defaultConfigurationName = Release;
		};
/* End XCConfigurationList section */
	};
	rootObject = CEB5AE2D26C2BDCB00623EF7 /* Project object */;
}
